
Microsoft Visual Studio Solution File, Format Version 12.00
# Visual Studio Version 17
VisualStudioVersion = 17.6.33815.320
MinimumVisualStudioVersion = 10.0.40219.1
Project("{FAE04EC0-301F-11D3-BF4B-00C04F79EFBC}") = "TestTask", "TestTask\TestTask.csproj", "{C374DFF4-416C-4147-B9DA-24FFB0F080FE}"
EndProject
Project("{FAE04EC0-301F-11D3-BF4B-00C04F79EFBC}") = "Currency", "Currency\Currency.csproj", "{77211802-64D0-4DE4-B947-02B969663F59}"
EndProject
Global
	GlobalSection(SolutionConfigurationPlatforms) = preSolution
		Debug|Any CPU = Debug|Any CPU
		Release|Any CPU = Release|Any CPU
	EndGlobalSection
	GlobalSection(ProjectConfigurationPlatforms) = postSolution
		{C374DFF4-416C-4147-B9DA-24FFB0F080FE}.Debug|Any CPU.ActiveCfg = Debug|Any CPU
		{C374DFF4-416C-4147-B9DA-24FFB0F080FE}.Debug|Any CPU.Build.0 = Debug|Any CPU
		{C374DFF4-416C-4147-B9DA-24FFB0F080FE}.Release|Any CPU.ActiveCfg = Release|Any CPU
		{C374DFF4-416C-4147-B9DA-24FFB0F080FE}.Release|Any CPU.Build.0 = Release|Any CPU
		{77211802-64D0-4DE4-B947-02B969663F59}.Debug|Any CPU.ActiveCfg = Debug|Any CPU
		{77211802-64D0-4DE4-B947-02B969663F59}.Debug|Any CPU.Build.0 = Debug|Any CPU
		{77211802-64D0-4DE4-B947-02B969663F59}.Release|Any CPU.ActiveCfg = Release|Any CPU
		{77211802-64D0-4DE4-B947-02B969663F59}.Release|Any CPU.Build.0 = Release|Any CPU
	EndGlobalSection
	GlobalSection(SolutionProperties) = preSolution
		HideSolutionNode = FALSE
	EndGlobalSection
	GlobalSection(ExtensibilityGlobals) = postSolution
		SolutionGuid = {7984AFAF-9492-4E07-B0F4-8B9239371016}
	EndGlobalSection
EndGlobal
